{
  "originHash" : "179dd372f2000ef9f7d44954e4ec2740b1b5a0cbf94faa38f6707445007a8fd1",
  "pins" : [
    {
      "identity" : "alamofire",
      "kind" : "remoteSourceControl",
      "location" : "https://github.com/Alamofire/Alamofire.git",
      "state" : {
        "revision" : "513364f870f6bfc468f9d2ff0a95caccc10044c5",
        "version" : "5.10.2"
      }
    },
    {
      "identity" : "monetai-ios",
      "kind" : "remoteSourceControl",
      "location" : "https://github.com/hayanmind/monetai-ios.git",
      "state" : {
        "branch" : "main",
        "revision" : "5734fbf46eca56af1d9a35f54b68da8dbbe41173"
      }
    }
  ],
  "version" : 3
}
