{
  "originHash" : "310b8c893bf55326378a8bdc117a526e25d49bc6ca09fe0e9919c59d74538b2b",
  "pins" : [
    {
      "identity" : "alamofire",
      "kind" : "remoteSourceControl",
      "location" : "https://github.com/Alamofire/Alamofire.git",
      "state" : {
        "revision" : "513364f870f6bfc468f9d2ff0a95caccc10044c5",
        "version" : "5.10.2"
      }
    },
    {
      "identity" : "monetai-ios",
      "kind" : "remoteSourceControl",
      "location" : "https://github.com/hayanmind/monetai-ios.git",
      "state" : {
        "revision" : "218289c1a92e76a0772d96405863876d63a46e71",
        "version" : "1.0.0-beta.1"
      }
    },
    {
      "identity" : "purchases-ios-spm",
      "kind" : "remoteSourceControl",
      "location" : "https://github.com/RevenueCat/purchases-ios-spm.git",
      "state" : {
        "revision" : "fa196fa767b15663ff8941a0a80e3ad67ad4d53f",
        "version" : "5.33.0"
      }
    }
  ],
  "version" : 3
}
