{
  "originHash" : "6f20c6887624b18c0b40be952170b7117d4d38c9181a098f8e293d2d8e956abd",
  "pins" : [
    {
      "identity" : "alamofire",
      "kind" : "remoteSourceControl",
      "location" : "https://github.com/Alamofire/Alamofire.git",
      "state" : {
        "revision" : "513364f870f6bfc468f9d2ff0a95caccc10044c5",
        "version" : "5.10.2"
      }
    },
    {
      "identity" : "purchases-ios-spm",
      "kind" : "remoteSourceControl",
      "location" : "https://github.com/RevenueCat/purchases-ios-spm.git",
      "state" : {
        "revision" : "fa196fa767b15663ff8941a0a80e3ad67ad4d53f",
        "version" : "5.33.0"
      }
    }
  ],
  "version" : 3
}
